// !$*UTF8*$!
{
	archiveVersion = 1;
	classes = {
	};
	objectVersion = 60;
	objects = {

/* Begin PBXBuildFile section */
		431CB7B72AC2EF7C00038608 /* KRK_Common in Frameworks */ = {isa = PBXBuildFile; productRef = 431CB7B62AC2EF7C00038608 /* KRK_Common */; };
		431D60782ABED0B2001FB08A /* KRK_v2_playerApp.swift in Sources */ = {isa = PBXBuildFile; fileRef = 431D60772ABED0B2001FB08A /* KRK_v2_playerApp.swift */; };
		431D607A2ABED0B2001FB08A /* ContentView.swift in Sources */ = {isa = PBXBuildFile; fileRef = 431D60792ABED0B2001FB08A /* ContentView.swift */; };
		431D607C2ABED0B4001FB08A /* Assets.xcassets in Resources */ = {isa = PBXBuildFile; fileRef = 431D607B2ABED0B4001FB08A /* Assets.xcassets */; };
		431D607F2ABED0B4001FB08A /* Preview Assets.xcassets in Resources */ = {isa = PBXBuildFile; fileRef = 431D607E2ABED0B4001FB08A /* Preview Assets.xcassets */; };
		431D60862ABED0F4001FB08A /* NetworkDiscoveryManager.swift in Sources */ = {isa = PBXBuildFile; fileRef = 431D60852ABED0F4001FB08A /* NetworkDiscoveryManager.swift */; };
/* End PBXBuildFile section */

/* Begin PBXFileReference section */
		431D60742ABED0B2001FB08A /* KRK-v2-player.app */ = {isa = PBXFileReference; explicitFileType = wrapper.application; includeInIndex = 0; path = "KRK-v2-player.app"; sourceTree = BUILT_PRODUCTS_DIR; };
		431D60772ABED0B2001FB08A /* KRK_v2_playerApp.swift */ = {isa = PBXFileReference; lastKnownFileType = sourcecode.swift; path = KRK_v2_playerApp.swift; sourceTree = "<group>"; };
		431D60792ABED0B2001FB08A /* ContentView.swift */ = {isa = PBXFileReference; lastKnownFileType = sourcecode.swift; path = ContentView.swift; sourceTree = "<group>"; };
		431D607B2ABED0B4001FB08A /* Assets.xcassets */ = {isa = PBXFileReference; lastKnownFileType = folder.assetcatalog; path = Assets.xcassets; sourceTree = "<group>"; };
		431D607E2ABED0B4001FB08A /* Preview Assets.xcassets */ = {isa = PBXFileReference; lastKnownFileType = folder.assetcatalog; path = "Preview Assets.xcassets"; sourceTree = "<group>"; };
		431D60852ABED0F4001FB08A /* NetworkDiscoveryManager.swift */ = {isa = PBXFileReference; lastKnownFileType = sourcecode.swift; path = NetworkDiscoveryManager.swift; sourceTree = "<group>"; };
		431D60872ABED1E7001FB08A /* Info.plist */ = {isa = PBXFileReference; lastKnownFileType = text.plist.xml; path = Info.plist; sourceTree = "<group>"; };
/* End PBXFileReference section */

/* Begin PBXFrameworksBuildPhase section */
		431D60712ABED0B2001FB08A /* Frameworks */ = {
			isa = PBXFrameworksBuildPhase;
			buildActionMask = 2147483647;
			files = (
				431CB7B72AC2EF7C00038608 /* KRK_Common in Frameworks */,
			);
			runOnlyForDeploymentPostprocessing = 0;
		};
/* End PBXFrameworksBuildPhase section */

/* Begin PBXGroup section */
		431D606B2ABED0B2001FB08A = {
			isa = PBXGroup;
			children = (
				431D60762ABED0B2001FB08A /* KRK-v2-player */,
				431D60752ABED0B2001FB08A /* Products */,
			);
			sourceTree = "<group>";
		};
		431D60752ABED0B2001FB08A /* Products */ = {
			isa = PBXGroup;
			children = (
				431D60742ABED0B2001FB08A /* KRK-v2-player.app */,
			);
			name = Products;
			sourceTree = "<group>";
		};
		431D60762ABED0B2001FB08A /* KRK-v2-player */ = {
			isa = PBXGroup;
			children = (
				431D60872ABED1E7001FB08A /* Info.plist */,
				431D60772ABED0B2001FB08A /* KRK_v2_playerApp.swift */,
				431D60792ABED0B2001FB08A /* ContentView.swift */,
				431D607B2ABED0B4001FB08A /* Assets.xcassets */,
				431D607D2ABED0B4001FB08A /* Preview Content */,
				431D60852ABED0F4001FB08A /* NetworkDiscoveryManager.swift */,
			);
			path = "KRK-v2-player";
			sourceTree = "<group>";
		};
		431D607D2ABED0B4001FB08A /* Preview Content */ = {
			isa = PBXGroup;
			children = (
				431D607E2ABED0B4001FB08A /* Preview Assets.xcassets */,
			);
			path = "Preview Content";
			sourceTree = "<group>";
		};
/* End PBXGroup section */

/* Begin PBXNativeTarget section */
		431D60732ABED0B2001FB08A /* KRK-v2-player */ = {
			isa = PBXNativeTarget;
			buildConfigurationList = 431D60822ABED0B4001FB08A /* Build configuration list for PBXNativeTarget "KRK-v2-player" */;
			buildPhases = (
				431D60702ABED0B2001FB08A /* Sources */,
				431D60712ABED0B2001FB08A /* Frameworks */,
				431D60722ABED0B2001FB08A /* Resources */,
			);
			buildRules = (
			);
			dependencies = (
			);
			name = "KRK-v2-player";
			packageProductDependencies = (
				431CB7B62AC2EF7C00038608 /* KRK_Common */,
			);
			productName = "KRK-v2-player";
			productReference = 431D60742ABED0B2001FB08A /* KRK-v2-player.app */;
			productType = "com.apple.product-type.application";
		};
/* End PBXNativeTarget section */

/* Begin PBXProject section */
		431D606C2ABED0B2001FB08A /* Project object */ = {
			isa = PBXProject;
			attributes = {
				BuildIndependentTargetsInParallel = 1;
				LastSwiftUpdateCheck = 1500;
				LastUpgradeCheck = 1500;
				TargetAttributes = {
					431D60732ABED0B2001FB08A = {
						CreatedOnToolsVersion = 15.0;
					};
				};
			};
			buildConfigurationList = 431D606F2ABED0B2001FB08A /* Build configuration list for PBXProject "KRK-v2-player" */;
			compatibilityVersion = "Xcode 14.0";
			developmentRegion = en;
			hasScannedForEncodings = 0;
			knownRegions = (
				en,
				Base,
			);
			mainGroup = 431D606B2ABED0B2001FB08A;
			packageReferences = (
				431CB7B52AC2EF7C00038608 /* XCLocalSwiftPackageReference "CustomPackages/KRK_Common" */,
			);
			productRefGroup = 431D60752ABED0B2001FB08A /* Products */;
			projectDirPath = "";
			projectRoot = "";
			targets = (
				431D60732ABED0B2001FB08A /* KRK-v2-player */,
			);
		};
/* End PBXProject section */

/* Begin PBXResourcesBuildPhase section */
		431D60722ABED0B2001FB08A /* Resources */ = {
			isa = PBXResourcesBuildPhase;
			buildActionMask = 2147483647;
			files = (
				431D607F2ABED0B4001FB08A /* Preview Assets.xcassets in Resources */,
				431D607C2ABED0B4001FB08A /* Assets.xcassets in Resources */,
			);
			runOnlyForDeploymentPostprocessing = 0;
		};
/* End PBXResourcesBuildPhase section */

/* Begin PBXSourcesBuildPhase section */
		431D60702ABED0B2001FB08A /* Sources */ = {
			isa = PBXSourcesBuildPhase;
			buildActionMask = 2147483647;
			files = (
				431D60862ABED0F4001FB08A /* NetworkDiscoveryManager.swift in Sources */,
				431D607A2ABED0B2001FB08A /* ContentView.swift in Sources */,
				431D60782ABED0B2001FB08A /* KRK_v2_playerApp.swift in Sources */,
			);
			runOnlyForDeploymentPostprocessing = 0;
		};
/* End PBXSourcesBuildPhase section */

/* Begin XCBuildConfiguration section */
		431D60802ABED0B4001FB08A /* Debug */ = {
			isa = XCBuildConfiguration;
			buildSettings = {
				ALWAYS_SEARCH_USER_PATHS = NO;
				ASSETCATALOG_COMPILER_GENERATE_SWIFT_ASSET_SYMBOL_EXTENSIONS = YES;
				CLANG_ANALYZER_NONNULL = YES;
				CLANG_ANALYZER_NUMBER_OBJECT_CONVERSION = YES_AGGRESSIVE;
				CLANG_CXX_LANGUAGE_STANDARD = "gnu++20";
				CLANG_ENABLE_MODULES = YES;
				CLANG_ENABLE_OBJC_ARC = YES;
				CLANG_ENABLE_OBJC_WEAK = YES;
				CLANG_WARN_BLOCK_CAPTURE_AUTORELEASING = YES;
				CLANG_WARN_BOOL_CONVERSION = YES;
				CLANG_WARN_COMMA = YES;
				CLANG_WARN_CONSTANT_CONVERSION = YES;
				CLANG_WARN_DEPRECATED_OBJC_IMPLEMENTATIONS = YES;
				CLANG_WARN_DIRECT_OBJC_ISA_USAGE = YES_ERROR;
				CLANG_WARN_DOCUMENTATION_COMMENTS = YES;
				CLANG_WARN_EMPTY_BODY = YES;
				CLANG_WARN_ENUM_CONVERSION = YES;
				CLANG_WARN_INFINITE_RECURSION = YES;
				CLANG_WARN_INT_CONVERSION = YES;
				CLANG_WARN_NON_LITERAL_NULL_CONVERSION = YES;
				CLANG_WARN_OBJC_IMPLICIT_RETAIN_SELF = YES;
				CLANG_WARN_OBJC_LITERAL_CONVERSION = YES;
				CLANG_WARN_OBJC_ROOT_CLASS = YES_ERROR;
				CLANG_WARN_QUOTED_INCLUDE_IN_FRAMEWORK_HEADER = YES;
				CLANG_WARN_RANGE_LOOP_ANALYSIS = YES;
				CLANG_WARN_STRICT_PROTOTYPES = YES;
				CLANG_WARN_SUSPICIOUS_MOVE = YES;
				CLANG_WARN_UNGUARDED_AVAILABILITY = YES_AGGRESSIVE;
				CLANG_WARN_UNREACHABLE_CODE = YES;
				CLANG_WARN__DUPLICATE_METHOD_MATCH = YES;
				COPY_PHASE_STRIP = NO;
				DEBUG_INFORMATION_FORMAT = dwarf;
				ENABLE_STRICT_OBJC_MSGSEND = YES;
				ENABLE_TESTABILITY = YES;
				ENABLE_USER_SCRIPT_SANDBOXING = YES;
				GCC_C_LANGUAGE_STANDARD = gnu17;
				GCC_DYNAMIC_NO_PIC = NO;
				GCC_NO_COMMON_BLOCKS = YES;
				GCC_OPTIMIZATION_LEVEL = 0;
				GCC_PREPROCESSOR_DEFINITIONS = (
					"DEBUG=1",
					"$(inherited)",
				);
				GCC_WARN_64_TO_32_BIT_CONVERSION = YES;
				GCC_WARN_ABOUT_RETURN_TYPE = YES_ERROR;
				GCC_WARN_UNDECLARED_SELECTOR = YES;
				GCC_WARN_UNINITIALIZED_AUTOS = YES_AGGRESSIVE;
				GCC_WARN_UNUSED_FUNCTION = YES;
				GCC_WARN_UNUSED_VARIABLE = YES;
				IPHONEOS_DEPLOYMENT_TARGET = 17.0;
				LOCALIZATION_PREFERS_STRING_CATALOGS = YES;
				MTL_ENABLE_DEBUG_INFO = INCLUDE_SOURCE;
				MTL_FAST_MATH = YES;
				ONLY_ACTIVE_ARCH = YES;
				SDKROOT = iphoneos;
				SWIFT_ACTIVE_COMPILATION_CONDITIONS = "DEBUG $(inherited)";
				SWIFT_OPTIMIZATION_LEVEL = "-Onone";
			};
			name = Debug;
		};
		431D60812ABED0B4001FB08A /* Release */ = {
			isa = XCBuildConfiguration;
			buildSettings = {
				ALWAYS_SEARCH_USER_PATHS = NO;
				ASSETCATALOG_COMPILER_GENERATE_SWIFT_ASSET_SYMBOL_EXTENSIONS = YES;
				CLANG_ANALYZER_NONNULL = YES;
				CLANG_ANALYZER_NUMBER_OBJECT_CONVERSION = YES_AGGRESSIVE;
				CLANG_CXX_LANGUAGE_STANDARD = "gnu++20";
				CLANG_ENABLE_MODULES = YES;
				CLANG_ENABLE_OBJC_ARC = YES;
				CLANG_ENABLE_OBJC_WEAK = YES;
				CLANG_WARN_BLOCK_CAPTURE_AUTORELEASING = YES;
				CLANG_WARN_BOOL_CONVERSION = YES;
				CLANG_WARN_COMMA = YES;
				CLANG_WARN_CONSTANT_CONVERSION = YES;
				CLANG_WARN_DEPRECATED_OBJC_IMPLEMENTATIONS = YES;
				CLANG_WARN_DIRECT_OBJC_ISA_USAGE = YES_ERROR;
				CLANG_WARN_DOCUMENTATION_COMMENTS = YES;
				CLANG_WARN_EMPTY_BODY = YES;
				CLANG_WARN_ENUM_CONVERSION = YES;
				CLANG_WARN_INFINITE_RECURSION = YES;
				CLANG_WARN_INT_CONVERSION = YES;
				CLANG_WARN_NON_LITERAL_NULL_CONVERSION = YES;
				CLANG_WARN_OBJC_IMPLICIT_RETAIN_SELF = YES;
				CLANG_WARN_OBJC_LITERAL_CONVERSION = YES;
				CLANG_WARN_OBJC_ROOT_CLASS = YES_ERROR;
				CLANG_WARN_QUOTED_INCLUDE_IN_FRAMEWORK_HEADER = YES;
				CLANG_WARN_RANGE_LOOP_ANALYSIS = YES;
				CLANG_WARN_STRICT_PROTOTYPES = YES;
				CLANG_WARN_SUSPICIOUS_MOVE = YES;
				CLANG_WARN_UNGUARDED_AVAILABILITY = YES_AGGRESSIVE;
				CLANG_WARN_UNREACHABLE_CODE = YES;
				CLANG_WARN__DUPLICATE_METHOD_MATCH = YES;
				COPY_PHASE_STRIP = NO;
				DEBUG_INFORMATION_FORMAT = "dwarf-with-dsym";
				ENABLE_NS_ASSERTIONS = NO;
				ENABLE_STRICT_OBJC_MSGSEND = YES;
				ENABLE_USER_SCRIPT_SANDBOXING = YES;
				GCC_C_LANGUAGE_STANDARD = gnu17;
				GCC_NO_COMMON_BLOCKS = YES;
				GCC_WARN_64_TO_32_BIT_CONVERSION = YES;
				GCC_WARN_ABOUT_RETURN_TYPE = YES_ERROR;
				GCC_WARN_UNDECLARED_SELECTOR = YES;
				GCC_WARN_UNINITIALIZED_AUTOS = YES_AGGRESSIVE;
				GCC_WARN_UNUSED_FUNCTION = YES;
				GCC_WARN_UNUSED_VARIABLE = YES;
				IPHONEOS_DEPLOYMENT_TARGET = 17.0;
				LOCALIZATION_PREFERS_STRING_CATALOGS = YES;
				MTL_ENABLE_DEBUG_INFO = NO;
				MTL_FAST_MATH = YES;
				SDKROOT = iphoneos;
				SWIFT_COMPILATION_MODE = wholemodule;
				VALIDATE_PRODUCT = YES;
			};
			name = Release;
		};
		431D60832ABED0B4001FB08A /* Debug */ = {
			isa = XCBuildConfiguration;
			buildSettings = {
				ASSETCATALOG_COMPILER_APPICON_NAME = AppIcon;
				ASSETCATALOG_COMPILER_GLOBAL_ACCENT_COLOR_NAME = AccentColor;
				CODE_SIGN_STYLE = Automatic;
				CURRENT_PROJECT_VERSION = 1;
				DEVELOPMENT_ASSET_PATHS = "\"KRK-v2-player/Preview Content\"";
				DEVELOPMENT_TEAM = 2ZL598ZSDC;
				ENABLE_PREVIEWS = YES;
				GENERATE_INFOPLIST_FILE = YES;
				INFOPLIST_FILE = "KRK-v2-player/Info.plist";
				INFOPLIST_KEY_CFBundleDisplayName = "KRK Player";
				INFOPLIST_KEY_UIApplicationSceneManifest_Generation = YES;
				INFOPLIST_KEY_UIApplicationSupportsIndirectInputEvents = YES;
				INFOPLIST_KEY_UILaunchScreen_Generation = YES;
				INFOPLIST_KEY_UISupportedInterfaceOrientations_iPad = "UIInterfaceOrientationPortrait UIInterfaceOrientationPortraitUpsideDown UIInterfaceOrientationLandscapeLeft UIInterfaceOrientationLandscapeRight";
				INFOPLIST_KEY_UISupportedInterfaceOrientations_iPhone = "UIInterfaceOrientationPortrait UIInterfaceOrientationLandscapeLeft UIInterfaceOrientationLandscapeRight";
				IPHONEOS_DEPLOYMENT_TARGET = 16.0;
				LD_RUNPATH_SEARCH_PATHS = (
					"$(inherited)",
					"@executable_path/Frameworks",
				);
				MARKETING_VERSION = 1.0;
				PRODUCT_BUNDLE_IDENTIFIER = "com.pat.KRK-v2-player";
				PRODUCT_NAME = "$(TARGET_NAME)";
				SUPPORTED_PLATFORMS = "appletvos appletvsimulator iphoneos iphonesimulator";
				SUPPORTS_MACCATALYST = NO;
				SWIFT_EMIT_LOC_STRINGS = YES;
				SWIFT_VERSION = 5.0;
				TARGETED_DEVICE_FAMILY = "1,2,3";
				TVOS_DEPLOYMENT_TARGET = 16.0;
			};
			name = Debug;
		};
		431D60842ABED0B4001FB08A /* Release */ = {
			isa = XCBuildConfiguration;
			buildSettings = {
				ASSETCATALOG_COMPILER_APPICON_NAME = AppIcon;
				ASSETCATALOG_COMPILER_GLOBAL_ACCENT_COLOR_NAME = AccentColor;
				CODE_SIGN_STYLE = Automatic;
				CURRENT_PROJECT_VERSION = 1;
				DEVELOPMENT_ASSET_PATHS = "\"KRK-v2-player/Preview Content\"";
				DEVELOPMENT_TEAM = 2ZL598ZSDC;
				ENABLE_PREVIEWS = YES;
				GENERATE_INFOPLIST_FILE = YES;
				INFOPLIST_FILE = "KRK-v2-player/Info.plist";
				INFOPLIST_KEY_CFBundleDisplayName = "KRK Player";
				INFOPLIST_KEY_UIApplicationSceneManifest_Generation = YES;
				INFOPLIST_KEY_UIApplicationSupportsIndirectInputEvents = YES;
				INFOPLIST_KEY_UILaunchScreen_Generation = YES;
				INFOPLIST_KEY_UISupportedInterfaceOrientations_iPad = "UIInterfaceOrientationPortrait UIInterfaceOrientationPortraitUpsideDown UIInterfaceOrientationLandscapeLeft UIInterfaceOrientationLandscapeRight";
				INFOPLIST_KEY_UISupportedInterfaceOrientations_iPhone = "UIInterfaceOrientationPortrait UIInterfaceOrientationLandscapeLeft UIInterfaceOrientationLandscapeRight";
				IPHONEOS_DEPLOYMENT_TARGET = 16.0;
				LD_RUNPATH_SEARCH_PATHS = (
					"$(inherited)",
					"@executable_path/Frameworks",
				);
				MARKETING_VERSION = 1.0;
				PRODUCT_BUNDLE_IDENTIFIER = "com.pat.KRK-v2-player";
				PRODUCT_NAME = "$(TARGET_NAME)";
				SUPPORTED_PLATFORMS = "appletvos appletvsimulator iphoneos iphonesimulator";
				SUPPORTS_MACCATALYST = NO;
				SWIFT_EMIT_LOC_STRINGS = YES;
				SWIFT_VERSION = 5.0;
				TARGETED_DEVICE_FAMILY = "1,2,3";
				TVOS_DEPLOYMENT_TARGET = 16.0;
			};
			name = Release;
		};
/* End XCBuildConfiguration section */

/* Begin XCConfigurationList section */
		431D606F2ABED0B2001FB08A /* Build configuration list for PBXProject "KRK-v2-player" */ = {
			isa = XCConfigurationList;
			buildConfigurations = (
				431D60802ABED0B4001FB08A /* Debug */,
				431D60812ABED0B4001FB08A /* Release */,
			);
			defaultConfigurationIsVisible = 0;
			defaultConfigurationName = Release;
		};
		431D60822ABED0B4001FB08A /* Build configuration list for PBXNativeTarget "KRK-v2-player" */ = {
			isa = XCConfigurationList;
			buildConfigurations = (
				431D60832ABED0B4001FB08A /* Debug */,
				431D60842ABED0B4001FB08A /* Release */,
			);
			defaultConfigurationIsVisible = 0;
			defaultConfigurationName = Release;
		};
/* End XCConfigurationList section */

/* Begin XCLocalSwiftPackageReference section */
		431CB7B52AC2EF7C00038608 /* XCLocalSwiftPackageReference "CustomPackages/KRK_Common" */ = {
			isa = XCLocalSwiftPackageReference;
			relativePath = CustomPackages/KRK_Common;
		};
/* End XCLocalSwiftPackageReference section */

/* Begin XCSwiftPackageProductDependency section */
		431CB7B62AC2EF7C00038608 /* KRK_Common */ = {
			isa = XCSwiftPackageProductDependency;
			productName = KRK_Common;
		};
/* End XCSwiftPackageProductDependency section */
	};
	rootObject = 431D606C2ABED0B2001FB08A /* Project object */;
}
